
Microsoft Visual Studio Solution File, Format Version 12.00
# Visual Studio Version 17
VisualStudioVersion = 17.11.35327.3
MinimumVisualStudioVersion = 10.0.40219.1
Project("{FAE04EC0-301F-11D3-BF4B-00C04F79EFBC}") = "ssemambo jonthan student web app", "ssemambo jonthan student web app.csproj", "{F8DE90BA-A2D8-4683-8F28-C7B8C37D4D08}"
EndProject
Global
	GlobalSection(SolutionConfigurationPlatforms) = preSolution
		Debug|Any CPU = Debug|Any CPU
		Release|Any CPU = Release|Any CPU
	EndGlobalSection
	GlobalSection(ProjectConfigurationPlatforms) = postSolution
		{F8DE90BA-A2D8-4683-8F28-C7B8C37D4D08}.Debug|Any CPU.ActiveCfg = Debug|Any CPU
		{F8DE90BA-A2D8-4683-8F28-C7B8C37D4D08}.Debug|Any CPU.Build.0 = Debug|Any CPU
		{F8DE90BA-A2D8-4683-8F28-C7B8C37D4D08}.Release|Any CPU.ActiveCfg = Release|Any CPU
		{F8DE90BA-A2D8-4683-8F28-C7B8C37D4D08}.Release|Any CPU.Build.0 = Release|Any CPU
	EndGlobalSection
	GlobalSection(SolutionProperties) = preSolution
		HideSolutionNode = FALSE
	EndGlobalSection
	GlobalSection(ExtensibilityGlobals) = postSolution
		SolutionGuid = {A92F3099-D51C-4B6F-8E52-EC7D648DFE78}
	EndGlobalSection
EndGlobal
